
Microsoft Visual Studio Solution File, Format Version 12.00
# Visual Studio Version 17
VisualStudioVersion = 17.9.34902.65
MinimumVisualStudioVersion = 10.0.40219.1
Project("{FAE04EC0-301F-11D3-BF4B-00C04F79EFBC}") = "eTickets", "eTickets\eTickets.csproj", "{2AA02324-56A5-4505-B914-4FA66E25B38E}"
EndProject
Global
	GlobalSection(SolutionConfigurationPlatforms) = preSolution
		Debug|Any CPU = Debug|Any CPU
		Release|Any CPU = Release|Any CPU
	EndGlobalSection
	GlobalSection(ProjectConfigurationPlatforms) = postSolution
		{2AA02324-56A5-4505-B914-4FA66E25B38E}.Debug|Any CPU.ActiveCfg = Debug|Any CPU
		{2AA02324-56A5-4505-B914-4FA66E25B38E}.Debug|Any CPU.Build.0 = Debug|Any CPU
		{2AA02324-56A5-4505-B914-4FA66E25B38E}.Release|Any CPU.ActiveCfg = Release|Any CPU
		{2AA02324-56A5-4505-B914-4FA66E25B38E}.Release|Any CPU.Build.0 = Release|Any CPU
	EndGlobalSection
	GlobalSection(SolutionProperties) = preSolution
		HideSolutionNode = FALSE
	EndGlobalSection
	GlobalSection(ExtensibilityGlobals) = postSolution
		SolutionGuid = {421E5103-9437-4189-8FB5-F39B2F0E78CD}
	EndGlobalSection
EndGlobal
